
Microsoft Visual Studio Solution File, Format Version 12.00
# Visual Studio 15
VisualStudioVersion = 15.0.27004.2009
MinimumVisualStudioVersion = 10.0.40219.1
Project("{FAE04EC0-301F-11D3-BF4B-00C04F79EFBC}") = "FirstNetMvcApp", "FirstNetMvcApp\FirstNetMvcApp.csproj", "{A15E2B72-CFBE-4C31-A71E-8F7AF52DDEBE}"
EndProject
Global
	GlobalSection(SolutionConfigurationPlatforms) = preSolution
		Debug|Any CPU = Debug|Any CPU
		Release|Any CPU = Release|Any CPU
	EndGlobalSection
	GlobalSection(ProjectConfigurationPlatforms) = postSolution
		{A15E2B72-CFBE-4C31-A71E-8F7AF52DDEBE}.Debug|Any CPU.ActiveCfg = Debug|Any CPU
		{A15E2B72-CFBE-4C31-A71E-8F7AF52DDEBE}.Debug|Any CPU.Build.0 = Debug|Any CPU
		{A15E2B72-CFBE-4C31-A71E-8F7AF52DDEBE}.Release|Any CPU.ActiveCfg = Release|Any CPU
		{A15E2B72-CFBE-4C31-A71E-8F7AF52DDEBE}.Release|Any CPU.Build.0 = Release|Any CPU
	EndGlobalSection
	GlobalSection(SolutionProperties) = preSolution
		HideSolutionNode = FALSE
	EndGlobalSection
	GlobalSection(ExtensibilityGlobals) = postSolution
		SolutionGuid = {60869AF3-7AA9-419A-8FCB-E32BD0535E38}
	EndGlobalSection
EndGlobal
